
Microsoft Visual Studio Solution File, Format Version 12.00
# Visual Studio Version 16
VisualStudioVersion = 16.0.30011.22
MinimumVisualStudioVersion = 10.0.40219.1
Project("{9A19103F-16F7-4668-BE54-9A1E7A4F7556}") = "FluentIconGenerator", "FluentIconGenerator\FluentIconGenerator.csproj", "{4706353B-1A04-4518-9153-E6A0AB6FF5CB}"
EndProject
Project("{FAE04EC0-301F-11D3-BF4B-00C04F79EFBC}") = "Fluent.Icons", "Fluent.Icons\Fluent.Icons.csproj", "{D7C72CCD-6071-4712-82FF-06ABFE87F239}"
EndProject
Project("{FAE04EC0-301F-11D3-BF4B-00C04F79EFBC}") = "FluentSystemTestApp", "FluentSystemTestApp\FluentSystemTestApp.csproj", "{81DB44ED-1BD3-4F04-88A1-62A8EEBD64BA}"
EndProject
Global
	GlobalSection(SolutionConfigurationPlatforms) = preSolution
		Debug|Any CPU = Debug|Any CPU
		Debug|ARM = Debug|ARM
		Debug|ARM64 = Debug|ARM64
		Debug|x64 = Debug|x64
		Debug|x86 = Debug|x86
		Release|Any CPU = Release|Any CPU
		Release|ARM = Release|ARM
		Release|ARM64 = Release|ARM64
		Release|x64 = Release|x64
		Release|x86 = Release|x86
	EndGlobalSection
	GlobalSection(ProjectConfigurationPlatforms) = postSolution
		{4706353B-1A04-4518-9153-E6A0AB6FF5CB}.Debug|Any CPU.ActiveCfg = Debug|Any CPU
		{4706353B-1A04-4518-9153-E6A0AB6FF5CB}.Debug|Any CPU.Build.0 = Debug|Any CPU
		{4706353B-1A04-4518-9153-E6A0AB6FF5CB}.Debug|ARM.ActiveCfg = Debug|Any CPU
		{4706353B-1A04-4518-9153-E6A0AB6FF5CB}.Debug|ARM.Build.0 = Debug|Any CPU
		{4706353B-1A04-4518-9153-E6A0AB6FF5CB}.Debug|ARM64.ActiveCfg = Debug|Any CPU
		{4706353B-1A04-4518-9153-E6A0AB6FF5CB}.Debug|ARM64.Build.0 = Debug|Any CPU
		{4706353B-1A04-4518-9153-E6A0AB6FF5CB}.Debug|x64.ActiveCfg = Debug|Any CPU
		{4706353B-1A04-4518-9153-E6A0AB6FF5CB}.Debug|x64.Build.0 = Debug|Any CPU
		{4706353B-1A04-4518-9153-E6A0AB6FF5CB}.Debug|x86.ActiveCfg = Debug|Any CPU
		{4706353B-1A04-4518-9153-E6A0AB6FF5CB}.Debug|x86.Build.0 = Debug|Any CPU
		{4706353B-1A04-4518-9153-E6A0AB6FF5CB}.Release|Any CPU.ActiveCfg = Release|Any CPU
		{4706353B-1A04-4518-9153-E6A0AB6FF5CB}.Release|Any CPU.Build.0 = Release|Any CPU
		{4706353B-1A04-4518-9153-E6A0AB6FF5CB}.Release|ARM.ActiveCfg = Release|Any CPU
		{4706353B-1A04-4518-9153-E6A0AB6FF5CB}.Release|ARM.Build.0 = Release|Any CPU
		{4706353B-1A04-4518-9153-E6A0AB6FF5CB}.Release|ARM64.ActiveCfg = Release|Any CPU
		{4706353B-1A04-4518-9153-E6A0AB6FF5CB}.Release|ARM64.Build.0 = Release|Any CPU
		{4706353B-1A04-4518-9153-E6A0AB6FF5CB}.Release|x64.ActiveCfg = Debug|Any CPU
		{4706353B-1A04-4518-9153-E6A0AB6FF5CB}.Release|x64.Build.0 = Debug|Any CPU
		{4706353B-1A04-4518-9153-E6A0AB6FF5CB}.Release|x86.ActiveCfg = Release|Any CPU
		{4706353B-1A04-4518-9153-E6A0AB6FF5CB}.Release|x86.Build.0 = Release|Any CPU
		{D7C72CCD-6071-4712-82FF-06ABFE87F239}.Debug|Any CPU.ActiveCfg = Debug|Any CPU
		{D7C72CCD-6071-4712-82FF-06ABFE87F239}.Debug|Any CPU.Build.0 = Debug|Any CPU
		{D7C72CCD-6071-4712-82FF-06ABFE87F239}.Debug|ARM.ActiveCfg = Debug|ARM
		{D7C72CCD-6071-4712-82FF-06ABFE87F239}.Debug|ARM.Build.0 = Debug|ARM
		{D7C72CCD-6071-4712-82FF-06ABFE87F239}.Debug|ARM64.ActiveCfg = Debug|ARM64
		{D7C72CCD-6071-4712-82FF-06ABFE87F239}.Debug|ARM64.Build.0 = Debug|ARM64
		{D7C72CCD-6071-4712-82FF-06ABFE87F239}.Debug|x64.ActiveCfg = Debug|x64
		{D7C72CCD-6071-4712-82FF-06ABFE87F239}.Debug|x64.Build.0 = Debug|x64
		{D7C72CCD-6071-4712-82FF-06ABFE87F239}.Debug|x86.ActiveCfg = Debug|x86
		{D7C72CCD-6071-4712-82FF-06ABFE87F239}.Debug|x86.Build.0 = Debug|x86
		{D7C72CCD-6071-4712-82FF-06ABFE87F239}.Release|Any CPU.ActiveCfg = Release|Any CPU
		{D7C72CCD-6071-4712-82FF-06ABFE87F239}.Release|Any CPU.Build.0 = Release|Any CPU
		{D7C72CCD-6071-4712-82FF-06ABFE87F239}.Release|ARM.ActiveCfg = Release|ARM
		{D7C72CCD-6071-4712-82FF-06ABFE87F239}.Release|ARM.Build.0 = Release|ARM
		{D7C72CCD-6071-4712-82FF-06ABFE87F239}.Release|ARM64.ActiveCfg = Release|ARM64
		{D7C72CCD-6071-4712-82FF-06ABFE87F239}.Release|ARM64.Build.0 = Release|ARM64
		{D7C72CCD-6071-4712-82FF-06ABFE87F239}.Release|x64.ActiveCfg = Debug|x64
		{D7C72CCD-6071-4712-82FF-06ABFE87F239}.Release|x64.Build.0 = Debug|x64
		{D7C72CCD-6071-4712-82FF-06ABFE87F239}.Release|x86.ActiveCfg = Release|x86
		{D7C72CCD-6071-4712-82FF-06ABFE87F239}.Release|x86.Build.0 = Release|x86
		{81DB44ED-1BD3-4F04-88A1-62A8EEBD64BA}.Debug|Any CPU.ActiveCfg = Debug|x86
		{81DB44ED-1BD3-4F04-88A1-62A8EEBD64BA}.Debug|Any CPU.Build.0 = Debug|x86
		{81DB44ED-1BD3-4F04-88A1-62A8EEBD64BA}.Debug|Any CPU.Deploy.0 = Debug|x86
		{81DB44ED-1BD3-4F04-88A1-62A8EEBD64BA}.Debug|ARM.ActiveCfg = Debug|ARM
		{81DB44ED-1BD3-4F04-88A1-62A8EEBD64BA}.Debug|ARM.Build.0 = Debug|ARM
		{81DB44ED-1BD3-4F04-88A1-62A8EEBD64BA}.Debug|ARM.Deploy.0 = Debug|ARM
		{81DB44ED-1BD3-4F04-88A1-62A8EEBD64BA}.Debug|ARM64.ActiveCfg = Debug|ARM64
		{81DB44ED-1BD3-4F04-88A1-62A8EEBD64BA}.Debug|ARM64.Build.0 = Debug|ARM64
		{81DB44ED-1BD3-4F04-88A1-62A8EEBD64BA}.Debug|ARM64.Deploy.0 = Debug|ARM64
		{81DB44ED-1BD3-4F04-88A1-62A8EEBD64BA}.Debug|x64.ActiveCfg = Debug|x64
		{81DB44ED-1BD3-4F04-88A1-62A8EEBD64BA}.Debug|x64.Build.0 = Debug|x64
		{81DB44ED-1BD3-4F04-88A1-62A8EEBD64BA}.Debug|x64.Deploy.0 = Debug|x64
		{81DB44ED-1BD3-4F04-88A1-62A8EEBD64BA}.Debug|x86.ActiveCfg = Debug|x86
		{81DB44ED-1BD3-4F04-88A1-62A8EEBD64BA}.Debug|x86.Build.0 = Debug|x86
		{81DB44ED-1BD3-4F04-88A1-62A8EEBD64BA}.Debug|x86.Deploy.0 = Debug|x86
		{81DB44ED-1BD3-4F04-88A1-62A8EEBD64BA}.Release|Any CPU.ActiveCfg = Release|x86
		{81DB44ED-1BD3-4F04-88A1-62A8EEBD64BA}.Release|Any CPU.Build.0 = Release|x86
		{81DB44ED-1BD3-4F04-88A1-62A8EEBD64BA}.Release|Any CPU.Deploy.0 = Release|x86
		{81DB44ED-1BD3-4F04-88A1-62A8EEBD64BA}.Release|ARM.ActiveCfg = Release|ARM
		{81DB44ED-1BD3-4F04-88A1-62A8EEBD64BA}.Release|ARM.Build.0 = Release|ARM
		{81DB44ED-1BD3-4F04-88A1-62A8EEBD64BA}.Release|ARM.Deploy.0 = Release|ARM
		{81DB44ED-1BD3-4F04-88A1-62A8EEBD64BA}.Release|ARM64.ActiveCfg = Release|ARM64
		{81DB44ED-1BD3-4F04-88A1-62A8EEBD64BA}.Release|ARM64.Build.0 = Release|ARM64
		{81DB44ED-1BD3-4F04-88A1-62A8EEBD64BA}.Release|ARM64.Deploy.0 = Release|ARM64
		{81DB44ED-1BD3-4F04-88A1-62A8EEBD64BA}.Release|x64.ActiveCfg = Debug|x64
		{81DB44ED-1BD3-4F04-88A1-62A8EEBD64BA}.Release|x64.Build.0 = Debug|x64
		{81DB44ED-1BD3-4F04-88A1-62A8EEBD64BA}.Release|x64.Deploy.0 = Debug|x64
		{81DB44ED-1BD3-4F04-88A1-62A8EEBD64BA}.Release|x86.ActiveCfg = Release|x86
		{81DB44ED-1BD3-4F04-88A1-62A8EEBD64BA}.Release|x86.Build.0 = Release|x86
		{81DB44ED-1BD3-4F04-88A1-62A8EEBD64BA}.Release|x86.Deploy.0 = Release|x86
	EndGlobalSection
	GlobalSection(SolutionProperties) = preSolution
		HideSolutionNode = FALSE
	EndGlobalSection
	GlobalSection(ExtensibilityGlobals) = postSolution
		SolutionGuid = {5C267F06-8B07-41FA-AFE3-CE9DC6708A60}
	EndGlobalSection
EndGlobal
